
Microsoft Visual Studio Solution File, Format Version 12.00
# Visual Studio Version 16
VisualStudioVersion = 16.0.29411.108
MinimumVisualStudioVersion = 10.0.40219.1
Project("{2150E333-8FDC-42A3-9474-1A3956D46DE8}") = "src", "src", "{320EC5DE-439E-4599-9504-7F435D4CFF8C}"
EndProject
Project("{2150E333-8FDC-42A3-9474-1A3956D46DE8}") = "test", "test", "{1EFC824F-F519-41D0-B632-EB8A6B120B3E}"
EndProject
Project("{2150E333-8FDC-42A3-9474-1A3956D46DE8}") = "Domain", "Domain", "{A3337D34-1426-41C2-BD90-A6913ABE7E5C}"
EndProject
Project("{9A19103F-16F7-4668-BE54-9A1E7A4F7556}") = "LoanApplications.Domain", "src\LoanApplications.Domain\LoanApplications.Domain.csproj", "{5351158B-14D1-4CFE-B933-C1D085F0DB79}"
EndProject
Project("{2150E333-8FDC-42A3-9474-1A3956D46DE8}") = "LoanApplications", "LoanApplications", "{F7C5CBE4-E1FF-49A0-A1F9-F5DB690A55A1}"
EndProject
Project("{2150E333-8FDC-42A3-9474-1A3956D46DE8}") = "Framework", "Framework", "{798B2DC7-67CE-4D08-8D69-B47CA33A424F}"
EndProject
Project("{9A19103F-16F7-4668-BE54-9A1E7A4F7556}") = "Framework.Domain", "framework\Framework.Domain\Framework.Domain.csproj", "{3A472978-9BB3-4DC2-801E-0486A7684AA7}"
EndProject
Project("{9A19103F-16F7-4668-BE54-9A1E7A4F7556}") = "LoanApplications.Domain.Contracts", "src\LoanApplications.Domain.Contracts\LoanApplications.Domain.Contracts.csproj", "{AEEBD557-D4A2-4CD3-A3D8-A3CEB950F60A}"
EndProject
Project("{2150E333-8FDC-42A3-9474-1A3956D46DE8}") = "Application", "Application", "{E02D100F-98AA-4D0F-A5C2-4A4266AAD56F}"
EndProject
Project("{9A19103F-16F7-4668-BE54-9A1E7A4F7556}") = "LoanApplications.Application", "src\LoanApplications.Application\LoanApplications.Application.csproj", "{222946FB-560A-4EB6-A18E-AE09D9A8829D}"
EndProject
Project("{9A19103F-16F7-4668-BE54-9A1E7A4F7556}") = "LoanApplications.Application.Contracts", "src\LoanApplications.Application.Contracts\LoanApplications.Application.Contracts.csproj", "{0A2D3AB0-80B9-4CD0-9A82-EF89116560A7}"
EndProject
Project("{9A19103F-16F7-4668-BE54-9A1E7A4F7556}") = "Framework.Application", "framework\Framework.Application\Framework.Application.csproj", "{0A4C7A5D-FE02-4612-B173-F293A94D87AE}"
EndProject
Project("{2150E333-8FDC-42A3-9474-1A3956D46DE8}") = "Infrastructure", "Infrastructure", "{6F864C24-6BC4-41C0-A61B-8D93870F54B6}"
EndProject
Project("{9A19103F-16F7-4668-BE54-9A1E7A4F7556}") = "LoanApplications.Persistence.ES", "src\LoanApplications.Persistence.ES\LoanApplications.Persistence.ES.csproj", "{FD4A0013-AC36-4B50-95F6-154245DA14CE}"
EndProject
Project("{9A19103F-16F7-4668-BE54-9A1E7A4F7556}") = "Framework.Persistence.ES", "framework\Framework.Persistence.ES\Framework.Persistence.ES.csproj", "{890396FA-4814-48A8-BCBE-7EFD285DCEAF}"
EndProject
Project("{2150E333-8FDC-42A3-9474-1A3956D46DE8}") = "Projections", "Projections", "{E4E54EA4-45C8-4767-87BC-85D158FACDE6}"
EndProject
Project("{2150E333-8FDC-42A3-9474-1A3956D46DE8}") = "Subscribers", "Subscribers", "{9912810C-F0BD-47CA-BDF1-3C18A7D89C61}"
EndProject
Project("{9A19103F-16F7-4668-BE54-9A1E7A4F7556}") = "LoanApplications.EventPublisher", "src\LoanApplications.EventPublisher\LoanApplications.EventPublisher.csproj", "{B1B7D6EF-E6CC-4E1C-B730-4E85D69BCA45}"
EndProject
Project("{9A19103F-16F7-4668-BE54-9A1E7A4F7556}") = "LoanManagement.Projections.Sql", "src\LoanManagement.Projections.Sql\LoanManagement.Projections.Sql.csproj", "{F2FD44ED-2D92-4E14-A35B-8738838B12C5}"
EndProject
Project("{9A19103F-16F7-4668-BE54-9A1E7A4F7556}") = "Framework.Core", "framework\Framework.Core\Framework.Core.csproj", "{9DBDCA52-3D37-4E61-8733-734847A5248B}"
EndProject
Project("{FAE04EC0-301F-11D3-BF4B-00C04F79EFBC}") = "LoanApplications.Domain.Tests.Unit", "test\LoanApplications.Domain.Tests.Unit\LoanApplications.Domain.Tests.Unit.csproj", "{A81DBE19-6612-4001-8F86-4B65F18680CE}"
EndProject
Global
	GlobalSection(SolutionConfigurationPlatforms) = preSolution
		Debug|Any CPU = Debug|Any CPU
		Release|Any CPU = Release|Any CPU
	EndGlobalSection
	GlobalSection(ProjectConfigurationPlatforms) = postSolution
		{5351158B-14D1-4CFE-B933-C1D085F0DB79}.Debug|Any CPU.ActiveCfg = Debug|Any CPU
		{5351158B-14D1-4CFE-B933-C1D085F0DB79}.Debug|Any CPU.Build.0 = Debug|Any CPU
		{5351158B-14D1-4CFE-B933-C1D085F0DB79}.Release|Any CPU.ActiveCfg = Release|Any CPU
		{5351158B-14D1-4CFE-B933-C1D085F0DB79}.Release|Any CPU.Build.0 = Release|Any CPU
		{3A472978-9BB3-4DC2-801E-0486A7684AA7}.Debug|Any CPU.ActiveCfg = Debug|Any CPU
		{3A472978-9BB3-4DC2-801E-0486A7684AA7}.Debug|Any CPU.Build.0 = Debug|Any CPU
		{3A472978-9BB3-4DC2-801E-0486A7684AA7}.Release|Any CPU.ActiveCfg = Release|Any CPU
		{3A472978-9BB3-4DC2-801E-0486A7684AA7}.Release|Any CPU.Build.0 = Release|Any CPU
		{AEEBD557-D4A2-4CD3-A3D8-A3CEB950F60A}.Debug|Any CPU.ActiveCfg = Debug|Any CPU
		{AEEBD557-D4A2-4CD3-A3D8-A3CEB950F60A}.Debug|Any CPU.Build.0 = Debug|Any CPU
		{AEEBD557-D4A2-4CD3-A3D8-A3CEB950F60A}.Release|Any CPU.ActiveCfg = Release|Any CPU
		{AEEBD557-D4A2-4CD3-A3D8-A3CEB950F60A}.Release|Any CPU.Build.0 = Release|Any CPU
		{222946FB-560A-4EB6-A18E-AE09D9A8829D}.Debug|Any CPU.ActiveCfg = Debug|Any CPU
		{222946FB-560A-4EB6-A18E-AE09D9A8829D}.Debug|Any CPU.Build.0 = Debug|Any CPU
		{222946FB-560A-4EB6-A18E-AE09D9A8829D}.Release|Any CPU.ActiveCfg = Release|Any CPU
		{222946FB-560A-4EB6-A18E-AE09D9A8829D}.Release|Any CPU.Build.0 = Release|Any CPU
		{0A2D3AB0-80B9-4CD0-9A82-EF89116560A7}.Debug|Any CPU.ActiveCfg = Debug|Any CPU
		{0A2D3AB0-80B9-4CD0-9A82-EF89116560A7}.Debug|Any CPU.Build.0 = Debug|Any CPU
		{0A2D3AB0-80B9-4CD0-9A82-EF89116560A7}.Release|Any CPU.ActiveCfg = Release|Any CPU
		{0A2D3AB0-80B9-4CD0-9A82-EF89116560A7}.Release|Any CPU.Build.0 = Release|Any CPU
		{0A4C7A5D-FE02-4612-B173-F293A94D87AE}.Debug|Any CPU.ActiveCfg = Debug|Any CPU
		{0A4C7A5D-FE02-4612-B173-F293A94D87AE}.Debug|Any CPU.Build.0 = Debug|Any CPU
		{0A4C7A5D-FE02-4612-B173-F293A94D87AE}.Release|Any CPU.ActiveCfg = Release|Any CPU
		{0A4C7A5D-FE02-4612-B173-F293A94D87AE}.Release|Any CPU.Build.0 = Release|Any CPU
		{FD4A0013-AC36-4B50-95F6-154245DA14CE}.Debug|Any CPU.ActiveCfg = Debug|Any CPU
		{FD4A0013-AC36-4B50-95F6-154245DA14CE}.Debug|Any CPU.Build.0 = Debug|Any CPU
		{FD4A0013-AC36-4B50-95F6-154245DA14CE}.Release|Any CPU.ActiveCfg = Release|Any CPU
		{FD4A0013-AC36-4B50-95F6-154245DA14CE}.Release|Any CPU.Build.0 = Release|Any CPU
		{890396FA-4814-48A8-BCBE-7EFD285DCEAF}.Debug|Any CPU.ActiveCfg = Debug|Any CPU
		{890396FA-4814-48A8-BCBE-7EFD285DCEAF}.Debug|Any CPU.Build.0 = Debug|Any CPU
		{890396FA-4814-48A8-BCBE-7EFD285DCEAF}.Release|Any CPU.ActiveCfg = Release|Any CPU
		{890396FA-4814-48A8-BCBE-7EFD285DCEAF}.Release|Any CPU.Build.0 = Release|Any CPU
		{B1B7D6EF-E6CC-4E1C-B730-4E85D69BCA45}.Debug|Any CPU.ActiveCfg = Debug|Any CPU
		{B1B7D6EF-E6CC-4E1C-B730-4E85D69BCA45}.Debug|Any CPU.Build.0 = Debug|Any CPU
		{B1B7D6EF-E6CC-4E1C-B730-4E85D69BCA45}.Release|Any CPU.ActiveCfg = Release|Any CPU
		{B1B7D6EF-E6CC-4E1C-B730-4E85D69BCA45}.Release|Any CPU.Build.0 = Release|Any CPU
		{F2FD44ED-2D92-4E14-A35B-8738838B12C5}.Debug|Any CPU.ActiveCfg = Debug|Any CPU
		{F2FD44ED-2D92-4E14-A35B-8738838B12C5}.Debug|Any CPU.Build.0 = Debug|Any CPU
		{F2FD44ED-2D92-4E14-A35B-8738838B12C5}.Release|Any CPU.ActiveCfg = Release|Any CPU
		{F2FD44ED-2D92-4E14-A35B-8738838B12C5}.Release|Any CPU.Build.0 = Release|Any CPU
		{9DBDCA52-3D37-4E61-8733-734847A5248B}.Debug|Any CPU.ActiveCfg = Debug|Any CPU
		{9DBDCA52-3D37-4E61-8733-734847A5248B}.Debug|Any CPU.Build.0 = Debug|Any CPU
		{9DBDCA52-3D37-4E61-8733-734847A5248B}.Release|Any CPU.ActiveCfg = Release|Any CPU
		{9DBDCA52-3D37-4E61-8733-734847A5248B}.Release|Any CPU.Build.0 = Release|Any CPU
		{A81DBE19-6612-4001-8F86-4B65F18680CE}.Debug|Any CPU.ActiveCfg = Debug|Any CPU
		{A81DBE19-6612-4001-8F86-4B65F18680CE}.Debug|Any CPU.Build.0 = Debug|Any CPU
		{A81DBE19-6612-4001-8F86-4B65F18680CE}.Release|Any CPU.ActiveCfg = Release|Any CPU
		{A81DBE19-6612-4001-8F86-4B65F18680CE}.Release|Any CPU.Build.0 = Release|Any CPU
	EndGlobalSection
	GlobalSection(SolutionProperties) = preSolution
		HideSolutionNode = FALSE
	EndGlobalSection
	GlobalSection(NestedProjects) = preSolution
		{320EC5DE-439E-4599-9504-7F435D4CFF8C} = {F7C5CBE4-E1FF-49A0-A1F9-F5DB690A55A1}
		{1EFC824F-F519-41D0-B632-EB8A6B120B3E} = {F7C5CBE4-E1FF-49A0-A1F9-F5DB690A55A1}
		{A3337D34-1426-41C2-BD90-A6913ABE7E5C} = {320EC5DE-439E-4599-9504-7F435D4CFF8C}
		{5351158B-14D1-4CFE-B933-C1D085F0DB79} = {A3337D34-1426-41C2-BD90-A6913ABE7E5C}
		{3A472978-9BB3-4DC2-801E-0486A7684AA7} = {798B2DC7-67CE-4D08-8D69-B47CA33A424F}
		{AEEBD557-D4A2-4CD3-A3D8-A3CEB950F60A} = {A3337D34-1426-41C2-BD90-A6913ABE7E5C}
		{E02D100F-98AA-4D0F-A5C2-4A4266AAD56F} = {320EC5DE-439E-4599-9504-7F435D4CFF8C}
		{222946FB-560A-4EB6-A18E-AE09D9A8829D} = {E02D100F-98AA-4D0F-A5C2-4A4266AAD56F}
		{0A2D3AB0-80B9-4CD0-9A82-EF89116560A7} = {E02D100F-98AA-4D0F-A5C2-4A4266AAD56F}
		{0A4C7A5D-FE02-4612-B173-F293A94D87AE} = {798B2DC7-67CE-4D08-8D69-B47CA33A424F}
		{6F864C24-6BC4-41C0-A61B-8D93870F54B6} = {320EC5DE-439E-4599-9504-7F435D4CFF8C}
		{FD4A0013-AC36-4B50-95F6-154245DA14CE} = {6F864C24-6BC4-41C0-A61B-8D93870F54B6}
		{890396FA-4814-48A8-BCBE-7EFD285DCEAF} = {798B2DC7-67CE-4D08-8D69-B47CA33A424F}
		{E4E54EA4-45C8-4767-87BC-85D158FACDE6} = {9912810C-F0BD-47CA-BDF1-3C18A7D89C61}
		{9912810C-F0BD-47CA-BDF1-3C18A7D89C61} = {320EC5DE-439E-4599-9504-7F435D4CFF8C}
		{B1B7D6EF-E6CC-4E1C-B730-4E85D69BCA45} = {9912810C-F0BD-47CA-BDF1-3C18A7D89C61}
		{F2FD44ED-2D92-4E14-A35B-8738838B12C5} = {E4E54EA4-45C8-4767-87BC-85D158FACDE6}
		{9DBDCA52-3D37-4E61-8733-734847A5248B} = {798B2DC7-67CE-4D08-8D69-B47CA33A424F}
		{A81DBE19-6612-4001-8F86-4B65F18680CE} = {1EFC824F-F519-41D0-B632-EB8A6B120B3E}
	EndGlobalSection
	GlobalSection(ExtensibilityGlobals) = postSolution
		SolutionGuid = {92165CFB-450D-45BA-8981-FC385EE22A0F}
	EndGlobalSection
EndGlobal
